// !$*UTF8*$!
{
	archiveVersion = 1;
	classes = {
	};
	objectVersion = 46;
	objects = {

/* Begin PBXBuildFile section */
		521B10911B926E4D00A15C6E /* AppDelegate.swift in Sources */ = {isa = PBXBuildFile; fileRef = 521B10901B926E4D00A15C6E /* AppDelegate.swift */; };
		521B10931B926E4D00A15C6E /* ViewController.swift in Sources */ = {isa = PBXBuildFile; fileRef = 521B10921B926E4D00A15C6E /* ViewController.swift */; };
		521B10961B926E4D00A15C6E /* Main.storyboard in Resources */ = {isa = PBXBuildFile; fileRef = 521B10941B926E4D00A15C6E /* Main.storyboard */; };
		521B10981B926E4D00A15C6E /* Images.xcassets in Resources */ = {isa = PBXBuildFile; fileRef = 521B10971B926E4D00A15C6E /* Images.xcassets */; };
		521B109B1B926E4D00A15C6E /* LaunchScreen.xib in Resources */ = {isa = PBXBuildFile; fileRef = 521B10991B926E4D00A15C6E /* LaunchScreen.xib */; };
		521B10A71B926E4D00A15C6E /* TouchyTests.swift in Sources */ = {isa = PBXBuildFile; fileRef = 521B10A61B926E4D00A15C6E /* TouchyTests.swift */; };
		521B10B11B926FA100A15C6E /* TouchyView.swift in Sources */ = {isa = PBXBuildFile; fileRef = 521B10B01B926FA100A15C6E /* TouchyView.swift */; };
/* End PBXBuildFile section */

/* Begin PBXContainerItemProxy section */
		521B10A11B926E4D00A15C6E /* PBXContainerItemProxy */ = {
			isa = PBXContainerItemProxy;
			containerPortal = 521B10831B926E4D00A15C6E /* Project object */;
			proxyType = 1;
			remoteGlobalIDString = 521B108A1B926E4D00A15C6E;
			remoteInfo = Touchy;
		};
/* End PBXContainerItemProxy section */

/* Begin PBXFileReference section */
		521B108B1B926E4D00A15C6E /* Touchy.app */ = {isa = PBXFileReference; explicitFileType = wrapper.application; includeInIndex = 0; path = Touchy.app; sourceTree = BUILT_PRODUCTS_DIR; };
		521B108F1B926E4D00A15C6E /* Info.plist */ = {isa = PBXFileReference; lastKnownFileType = text.plist.xml; path = Info.plist; sourceTree = "<group>"; };
		521B10901B926E4D00A15C6E /* AppDelegate.swift */ = {isa = PBXFileReference; lastKnownFileType = sourcecode.swift; path = AppDelegate.swift; sourceTree = "<group>"; };
		521B10921B926E4D00A15C6E /* ViewController.swift */ = {isa = PBXFileReference; lastKnownFileType = sourcecode.swift; path = ViewController.swift; sourceTree = "<group>"; };
		521B10951B926E4D00A15C6E /* Base */ = {isa = PBXFileReference; lastKnownFileType = file.storyboard; name = Base; path = Base.lproj/Main.storyboard; sourceTree = "<group>"; };
		521B10971B926E4D00A15C6E /* Images.xcassets */ = {isa = PBXFileReference; lastKnownFileType = folder.assetcatalog; path = Images.xcassets; sourceTree = "<group>"; };
		521B109A1B926E4D00A15C6E /* Base */ = {isa = PBXFileReference; lastKnownFileType = file.xib; name = Base; path = Base.lproj/LaunchScreen.xib; sourceTree = "<group>"; };
		521B10A01B926E4D00A15C6E /* TouchyTests.xctest */ = {isa = PBXFileReference; explicitFileType = wrapper.cfbundle; includeInIndex = 0; path = TouchyTests.xctest; sourceTree = BUILT_PRODUCTS_DIR; };
		521B10A51B926E4D00A15C6E /* Info.plist */ = {isa = PBXFileReference; lastKnownFileType = text.plist.xml; path = Info.plist; sourceTree = "<group>"; };
		521B10A61B926E4D00A15C6E /* TouchyTests.swift */ = {isa = PBXFileReference; lastKnownFileType = sourcecode.swift; path = TouchyTests.swift; sourceTree = "<group>"; };
		521B10B01B926FA100A15C6E /* TouchyView.swift */ = {isa = PBXFileReference; fileEncoding = 4; lastKnownFileType = sourcecode.swift; path = TouchyView.swift; sourceTree = "<group>"; };
/* End PBXFileReference section */

/* Begin PBXFrameworksBuildPhase section */
		521B10881B926E4D00A15C6E /* Frameworks */ = {
			isa = PBXFrameworksBuildPhase;
			buildActionMask = 2147483647;
			files = (
			);
			runOnlyForDeploymentPostprocessing = 0;
		};
		521B109D1B926E4D00A15C6E /* Frameworks */ = {
			isa = PBXFrameworksBuildPhase;
			buildActionMask = 2147483647;
			files = (
			);
			runOnlyForDeploymentPostprocessing = 0;
		};
/* End PBXFrameworksBuildPhase section */

/* Begin PBXGroup section */
		521B10821B926E4D00A15C6E = {
			isa = PBXGroup;
			children = (
				521B108D1B926E4D00A15C6E /* Touchy */,
				521B10A31B926E4D00A15C6E /* TouchyTests */,
				521B108C1B926E4D00A15C6E /* Products */,
			);
			sourceTree = "<group>";
		};
		521B108C1B926E4D00A15C6E /* Products */ = {
			isa = PBXGroup;
			children = (
				521B108B1B926E4D00A15C6E /* Touchy.app */,
				521B10A01B926E4D00A15C6E /* TouchyTests.xctest */,
			);
			name = Products;
			sourceTree = "<group>";
		};
		521B108D1B926E4D00A15C6E /* Touchy */ = {
			isa = PBXGroup;
			children = (
				521B10901B926E4D00A15C6E /* AppDelegate.swift */,
				521B10921B926E4D00A15C6E /* ViewController.swift */,
				521B10B01B926FA100A15C6E /* TouchyView.swift */,
				521B10941B926E4D00A15C6E /* Main.storyboard */,
				521B10971B926E4D00A15C6E /* Images.xcassets */,
				521B10991B926E4D00A15C6E /* LaunchScreen.xib */,
				521B108E1B926E4D00A15C6E /* Supporting Files */,
			);
			path = Touchy;
			sourceTree = "<group>";
		};
		521B108E1B926E4D00A15C6E /* Supporting Files */ = {
			isa = PBXGroup;
			children = (
				521B108F1B926E4D00A15C6E /* Info.plist */,
			);
			name = "Supporting Files";
			sourceTree = "<group>";
		};
		521B10A31B926E4D00A15C6E /* TouchyTests */ = {
			isa = PBXGroup;
			children = (
				521B10A61B926E4D00A15C6E /* TouchyTests.swift */,
				521B10A41B926E4D00A15C6E /* Supporting Files */,
			);
			path = TouchyTests;
			sourceTree = "<group>";
		};
		521B10A41B926E4D00A15C6E /* Supporting Files */ = {
			isa = PBXGroup;
			children = (
				521B10A51B926E4D00A15C6E /* Info.plist */,
			);
			name = "Supporting Files";
			sourceTree = "<group>";
		};
/* End PBXGroup section */

/* Begin PBXNativeTarget section */
		521B108A1B926E4D00A15C6E /* Touchy */ = {
			isa = PBXNativeTarget;
			buildConfigurationList = 521B10AA1B926E4D00A15C6E /* Build configuration list for PBXNativeTarget "Touchy" */;
			buildPhases = (
				521B10871B926E4D00A15C6E /* Sources */,
				521B10881B926E4D00A15C6E /* Frameworks */,
				521B10891B926E4D00A15C6E /* Resources */,
			);
			buildRules = (
			);
			dependencies = (
			);
			name = Touchy;
			productName = Touchy;
			productReference = 521B108B1B926E4D00A15C6E /* Touchy.app */;
			productType = "com.apple.product-type.application";
		};
		521B109F1B926E4D00A15C6E /* TouchyTests */ = {
			isa = PBXNativeTarget;
			buildConfigurationList = 521B10AD1B926E4D00A15C6E /* Build configuration list for PBXNativeTarget "TouchyTests" */;
			buildPhases = (
				521B109C1B926E4D00A15C6E /* Sources */,
				521B109D1B926E4D00A15C6E /* Frameworks */,
				521B109E1B926E4D00A15C6E /* Resources */,
			);
			buildRules = (
			);
			dependencies = (
				521B10A21B926E4D00A15C6E /* PBXTargetDependency */,
			);
			name = TouchyTests;
			productName = TouchyTests;
			productReference = 521B10A01B926E4D00A15C6E /* TouchyTests.xctest */;
			productType = "com.apple.product-type.bundle.unit-test";
		};
/* End PBXNativeTarget section */

/* Begin PBXProject section */
		521B10831B926E4D00A15C6E /* Project object */ = {
			isa = PBXProject;
			attributes = {
				LastUpgradeCheck = 0640;
				ORGANIZATIONNAME = nilpoint.sample;
				TargetAttributes = {
					521B108A1B926E4D00A15C6E = {
						CreatedOnToolsVersion = 6.4;
					};
					521B109F1B926E4D00A15C6E = {
						CreatedOnToolsVersion = 6.4;
						TestTargetID = 521B108A1B926E4D00A15C6E;
					};
				};
			};
			buildConfigurationList = 521B10861B926E4D00A15C6E /* Build configuration list for PBXProject "Touchy" */;
			compatibilityVersion = "Xcode 3.2";
			developmentRegion = English;
			hasScannedForEncodings = 0;
			knownRegions = (
				en,
				Base,
			);
			mainGroup = 521B10821B926E4D00A15C6E;
			productRefGroup = 521B108C1B926E4D00A15C6E /* Products */;
			projectDirPath = "";
			projectRoot = "";
			targets = (
				521B108A1B926E4D00A15C6E /* Touchy */,
				521B109F1B926E4D00A15C6E /* TouchyTests */,
			);
		};
/* End PBXProject section */

/* Begin PBXResourcesBuildPhase section */
		521B10891B926E4D00A15C6E /* Resources */ = {
			isa = PBXResourcesBuildPhase;
			buildActionMask = 2147483647;
			files = (
				521B10961B926E4D00A15C6E /* Main.storyboard in Resources */,
				521B109B1B926E4D00A15C6E /* LaunchScreen.xib in Resources */,
				521B10981B926E4D00A15C6E /* Images.xcassets in Resources */,
			);
			runOnlyForDeploymentPostprocessing = 0;
		};
		521B109E1B926E4D00A15C6E /* Resources */ = {
			isa = PBXResourcesBuildPhase;
			buildActionMask = 2147483647;
			files = (
			);
			runOnlyForDeploymentPostprocessing = 0;
		};
/* End PBXResourcesBuildPhase section */

/* Begin PBXSourcesBuildPhase section */
		521B10871B926E4D00A15C6E /* Sources */ = {
			isa = PBXSourcesBuildPhase;
			buildActionMask = 2147483647;
			files = (
				521B10931B926E4D00A15C6E /* ViewController.swift in Sources */,
				521B10911B926E4D00A15C6E /* AppDelegate.swift in Sources */,
				521B10B11B926FA100A15C6E /* TouchyView.swift in Sources */,
			);
			runOnlyForDeploymentPostprocessing = 0;
		};
		521B109C1B926E4D00A15C6E /* Sources */ = {
			isa = PBXSourcesBuildPhase;
			buildActionMask = 2147483647;
			files = (
				521B10A71B926E4D00A15C6E /* TouchyTests.swift in Sources */,
			);
			runOnlyForDeploymentPostprocessing = 0;
		};
/* End PBXSourcesBuildPhase section */

/* Begin PBXTargetDependency section */
		521B10A21B926E4D00A15C6E /* PBXTargetDependency */ = {
			isa = PBXTargetDependency;
			target = 521B108A1B926E4D00A15C6E /* Touchy */;
			targetProxy = 521B10A11B926E4D00A15C6E /* PBXContainerItemProxy */;
		};
/* End PBXTargetDependency section */

/* Begin PBXVariantGroup section */
		521B10941B926E4D00A15C6E /* Main.storyboard */ = {
			isa = PBXVariantGroup;
			children = (
				521B10951B926E4D00A15C6E /* Base */,
			);
			name = Main.storyboard;
			sourceTree = "<group>";
		};
		521B10991B926E4D00A15C6E /* LaunchScreen.xib */ = {
			isa = PBXVariantGroup;
			children = (
				521B109A1B926E4D00A15C6E /* Base */,
			);
			name = LaunchScreen.xib;
			sourceTree = "<group>";
		};
/* End PBXVariantGroup section */

/* Begin XCBuildConfiguration section */
		521B10A81B926E4D00A15C6E /* Debug */ = {
			isa = XCBuildConfiguration;
			buildSettings = {
				ALWAYS_SEARCH_USER_PATHS = NO;
				CLANG_CXX_LANGUAGE_STANDARD = "gnu++0x";
				CLANG_CXX_LIBRARY = "libc++";
				CLANG_ENABLE_MODULES = YES;
				CLANG_ENABLE_OBJC_ARC = YES;
				CLANG_WARN_BOOL_CONVERSION = YES;
				CLANG_WARN_CONSTANT_CONVERSION = YES;
				CLANG_WARN_DIRECT_OBJC_ISA_USAGE = YES_ERROR;
				CLANG_WARN_EMPTY_BODY = YES;
				CLANG_WARN_ENUM_CONVERSION = YES;
				CLANG_WARN_INT_CONVERSION = YES;
				CLANG_WARN_OBJC_ROOT_CLASS = YES_ERROR;
				CLANG_WARN_UNREACHABLE_CODE = YES;
				CLANG_WARN__DUPLICATE_METHOD_MATCH = YES;
				"CODE_SIGN_IDENTITY[sdk=iphoneos*]" = "iPhone Developer";
				COPY_PHASE_STRIP = NO;
				DEBUG_INFORMATION_FORMAT = "dwarf-with-dsym";
				ENABLE_STRICT_OBJC_MSGSEND = YES;
				GCC_C_LANGUAGE_STANDARD = gnu99;
				GCC_DYNAMIC_NO_PIC = NO;
				GCC_NO_COMMON_BLOCKS = YES;
				GCC_OPTIMIZATION_LEVEL = 0;
				GCC_PREPROCESSOR_DEFINITIONS = (
					"DEBUG=1",
					"$(inherited)",
				);
				GCC_SYMBOLS_PRIVATE_EXTERN = NO;
				GCC_WARN_64_TO_32_BIT_CONVERSION = YES;
				GCC_WARN_ABOUT_RETURN_TYPE = YES_ERROR;
				GCC_WARN_UNDECLARED_SELECTOR = YES;
				GCC_WARN_UNINITIALIZED_AUTOS = YES_AGGRESSIVE;
				GCC_WARN_UNUSED_FUNCTION = YES;
				GCC_WARN_UNUSED_VARIABLE = YES;
				IPHONEOS_DEPLOYMENT_TARGET = 8.4;
				MTL_ENABLE_DEBUG_INFO = YES;
				ONLY_ACTIVE_ARCH = YES;
				SDKROOT = iphoneos;
				SWIFT_OPTIMIZATION_LEVEL = "-Onone";
				TARGETED_DEVICE_FAMILY = "1,2";
			};
			name = Debug;
		};
		521B10A91B926E4D00A15C6E /* Release */ = {
			isa = XCBuildConfiguration;
			buildSettings = {
				ALWAYS_SEARCH_USER_PATHS = NO;
				CLANG_CXX_LANGUAGE_STANDARD = "gnu++0x";
				CLANG_CXX_LIBRARY = "libc++";
				CLANG_ENABLE_MODULES = YES;
				CLANG_ENABLE_OBJC_ARC = YES;
				CLANG_WARN_BOOL_CONVERSION = YES;
				CLANG_WARN_CONSTANT_CONVERSION = YES;
				CLANG_WARN_DIRECT_OBJC_ISA_USAGE = YES_ERROR;
				CLANG_WARN_EMPTY_BODY = YES;
				CLANG_WARN_ENUM_CONVERSION = YES;
				CLANG_WARN_INT_CONVERSION = YES;
				CLANG_WARN_OBJC_ROOT_CLASS = YES_ERROR;
				CLANG_WARN_UNREACHABLE_CODE = YES;
				CLANG_WARN__DUPLICATE_METHOD_MATCH = YES;
				"CODE_SIGN_IDENTITY[sdk=iphoneos*]" = "iPhone Developer";
				COPY_PHASE_STRIP = NO;
				DEBUG_INFORMATION_FORMAT = "dwarf-with-dsym";
				ENABLE_NS_ASSERTIONS = NO;
				ENABLE_STRICT_OBJC_MSGSEND = YES;
				GCC_C_LANGUAGE_STANDARD = gnu99;
				GCC_NO_COMMON_BLOCKS = YES;
				GCC_WARN_64_TO_32_BIT_CONVERSION = YES;
				GCC_WARN_ABOUT_RETURN_TYPE = YES_ERROR;
				GCC_WARN_UNDECLARED_SELECTOR = YES;
				GCC_WARN_UNINITIALIZED_AUTOS = YES_AGGRESSIVE;
				GCC_WARN_UNUSED_FUNCTION = YES;
				GCC_WARN_UNUSED_VARIABLE = YES;
				IPHONEOS_DEPLOYMENT_TARGET = 8.4;
				MTL_ENABLE_DEBUG_INFO = NO;
				SDKROOT = iphoneos;
				TARGETED_DEVICE_FAMILY = "1,2";
				VALIDATE_PRODUCT = YES;
			};
			name = Release;
		};
		521B10AB1B926E4D00A15C6E /* Debug */ = {
			isa = XCBuildConfiguration;
			buildSettings = {
				ASSETCATALOG_COMPILER_APPICON_NAME = AppIcon;
				INFOPLIST_FILE = Touchy/Info.plist;
				LD_RUNPATH_SEARCH_PATHS = "$(inherited) @executable_path/Frameworks";
				PRODUCT_NAME = "$(TARGET_NAME)";
			};
			name = Debug;
		};
		521B10AC1B926E4D00A15C6E /* Release */ = {
			isa = XCBuildConfiguration;
			buildSettings = {
				ASSETCATALOG_COMPILER_APPICON_NAME = AppIcon;
				INFOPLIST_FILE = Touchy/Info.plist;
				LD_RUNPATH_SEARCH_PATHS = "$(inherited) @executable_path/Frameworks";
				PRODUCT_NAME = "$(TARGET_NAME)";
			};
			name = Release;
		};
		521B10AE1B926E4D00A15C6E /* Debug */ = {
			isa = XCBuildConfiguration;
			buildSettings = {
				BUNDLE_LOADER = "$(TEST_HOST)";
				FRAMEWORK_SEARCH_PATHS = (
					"$(SDKROOT)/Developer/Library/Frameworks",
					"$(inherited)",
				);
				GCC_PREPROCESSOR_DEFINITIONS = (
					"DEBUG=1",
					"$(inherited)",
				);
				INFOPLIST_FILE = TouchyTests/Info.plist;
				LD_RUNPATH_SEARCH_PATHS = "$(inherited) @executable_path/Frameworks @loader_path/Frameworks";
				PRODUCT_NAME = "$(TARGET_NAME)";
				TEST_HOST = "$(BUILT_PRODUCTS_DIR)/Touchy.app/Touchy";
			};
			name = Debug;
		};
		521B10AF1B926E4D00A15C6E /* Release */ = {
			isa = XCBuildConfiguration;
			buildSettings = {
				BUNDLE_LOADER = "$(TEST_HOST)";
				FRAMEWORK_SEARCH_PATHS = (
					"$(SDKROOT)/Developer/Library/Frameworks",
					"$(inherited)",
				);
				INFOPLIST_FILE = TouchyTests/Info.plist;
				LD_RUNPATH_SEARCH_PATHS = "$(inherited) @executable_path/Frameworks @loader_path/Frameworks";
				PRODUCT_NAME = "$(TARGET_NAME)";
				TEST_HOST = "$(BUILT_PRODUCTS_DIR)/Touchy.app/Touchy";
			};
			name = Release;
		};
/* End XCBuildConfiguration section */

/* Begin XCConfigurationList section */
		521B10861B926E4D00A15C6E /* Build configuration list for PBXProject "Touchy" */ = {
			isa = XCConfigurationList;
			buildConfigurations = (
				521B10A81B926E4D00A15C6E /* Debug */,
				521B10A91B926E4D00A15C6E /* Release */,
			);
			defaultConfigurationIsVisible = 0;
			defaultConfigurationName = Release;
		};
		521B10AA1B926E4D00A15C6E /* Build configuration list for PBXNativeTarget "Touchy" */ = {
			isa = XCConfigurationList;
			buildConfigurations = (
				521B10AB1B926E4D00A15C6E /* Debug */,
				521B10AC1B926E4D00A15C6E /* Release */,
			);
			defaultConfigurationIsVisible = 0;
		};
		521B10AD1B926E4D00A15C6E /* Build configuration list for PBXNativeTarget "TouchyTests" */ = {
			isa = XCConfigurationList;
			buildConfigurations = (
				521B10AE1B926E4D00A15C6E /* Debug */,
				521B10AF1B926E4D00A15C6E /* Release */,
			);
			defaultConfigurationIsVisible = 0;
		};
/* End XCConfigurationList section */
	};
	rootObject = 521B10831B926E4D00A15C6E /* Project object */;
}
